{
  "lockfileVersion": 1,
  "workspaces": {
    "": {
      "name": "@donor-match/shared",
      "dependencies": {
        "@ts-rest/core": "^3.52.1",
        "zod": "^3.24.2",
      },
    },
  },
  "packages": {
    "@ts-rest/core": ["@ts-rest/core@3.52.1", "", { "peerDependencies": { "@types/node": "^18.18.7 || >=20.8.4", "zod": "^3.22.3" }, "optionalPeers": ["@types/node", "zod"] }, "sha512-tAjz7Kxq/grJodcTA1Anop4AVRDlD40fkksEV5Mmal88VoZeRKAG8oMHsDwdwPZz+B/zgnz0q2sF+cm5M7Bc7g=="],

    "zod": ["zod@3.24.2", "", {}, "sha512-lY7CDW43ECgW9u1TcT3IoXHflywfVqDYze4waEz812jR/bZ8FHDsl7pFQoSZTz5N+2NqRXs8GBwnAwo3ZNxqhQ=="],
  }
}
